
Microsoft Visual Studio Solution File, Format Version 12.00
# Visual Studio Version 16
VisualStudioVersion = 16.0.31025.194
MinimumVisualStudioVersion = 10.0.40219.1
Project("{9A19103F-16F7-4668-BE54-9A1E7A4F7556}") = "Energetic.Apis.Extensions", "Energetic.Apis.Extensions.csproj", "{1E2D9B73-E2E7-476E-9223-8A31EFBAAAE3}"
EndProject
Project("{9A19103F-16F7-4668-BE54-9A1E7A4F7556}") = "Energetic", "..\Energetic\Energetic.csproj", "{3390CC1D-E39F-4C4A-BB25-E40E227DF887}"
EndProject
Project("{9A19103F-16F7-4668-BE54-9A1E7A4F7556}") = "Energetic.ValueObjects", "..\Energetic.ValueObjects\Energetic.ValueObjects.csproj", "{5DC7977A-FE15-4A5D-8563-7E5C71833ABB}"
EndProject
Global
	GlobalSection(SolutionConfigurationPlatforms) = preSolution
		Debug|Any CPU = Debug|Any CPU
		Release|Any CPU = Release|Any CPU
	EndGlobalSection
	GlobalSection(ProjectConfigurationPlatforms) = postSolution
		{1E2D9B73-E2E7-476E-9223-8A31EFBAAAE3}.Debug|Any CPU.ActiveCfg = Debug|Any CPU
		{1E2D9B73-E2E7-476E-9223-8A31EFBAAAE3}.Debug|Any CPU.Build.0 = Debug|Any CPU
		{1E2D9B73-E2E7-476E-9223-8A31EFBAAAE3}.Release|Any CPU.ActiveCfg = Release|Any CPU
		{1E2D9B73-E2E7-476E-9223-8A31EFBAAAE3}.Release|Any CPU.Build.0 = Release|Any CPU
		{3390CC1D-E39F-4C4A-BB25-E40E227DF887}.Debug|Any CPU.ActiveCfg = Debug|Any CPU
		{3390CC1D-E39F-4C4A-BB25-E40E227DF887}.Debug|Any CPU.Build.0 = Debug|Any CPU
		{3390CC1D-E39F-4C4A-BB25-E40E227DF887}.Release|Any CPU.ActiveCfg = Release|Any CPU
		{3390CC1D-E39F-4C4A-BB25-E40E227DF887}.Release|Any CPU.Build.0 = Release|Any CPU
		{5DC7977A-FE15-4A5D-8563-7E5C71833ABB}.Debug|Any CPU.ActiveCfg = Debug|Any CPU
		{5DC7977A-FE15-4A5D-8563-7E5C71833ABB}.Debug|Any CPU.Build.0 = Debug|Any CPU
		{5DC7977A-FE15-4A5D-8563-7E5C71833ABB}.Release|Any CPU.ActiveCfg = Release|Any CPU
		{5DC7977A-FE15-4A5D-8563-7E5C71833ABB}.Release|Any CPU.Build.0 = Release|Any CPU
	EndGlobalSection
	GlobalSection(SolutionProperties) = preSolution
		HideSolutionNode = FALSE
	EndGlobalSection
	GlobalSection(ExtensibilityGlobals) = postSolution
		SolutionGuid = {83215ECD-E89E-4252-9035-DADBAB2A72B0}
	EndGlobalSection
EndGlobal
